
Microsoft Visual Studio Solution File, Format Version 12.00
# Visual Studio Version 17
VisualStudioVersion = 17.5.002.0
MinimumVisualStudioVersion = 10.0.40219.1
Project("{9A19103F-16F7-4668-BE54-9A1E7A4F7556}") = "XmlDocExtractor", "XmlDocExtractor.csproj", "{9FDD63C9-04B4-4019-99DF-4A10BFE6CE31}"
EndProject
Global
	GlobalSection(SolutionConfigurationPlatforms) = preSolution
		Debug|Any CPU = Debug|Any CPU
		Release|Any CPU = Release|Any CPU
	EndGlobalSection
	GlobalSection(ProjectConfigurationPlatforms) = postSolution
		{9FDD63C9-04B4-4019-99DF-4A10BFE6CE31}.Debug|Any CPU.ActiveCfg = Debug|Any CPU
		{9FDD63C9-04B4-4019-99DF-4A10BFE6CE31}.Debug|Any CPU.Build.0 = Debug|Any CPU
		{9FDD63C9-04B4-4019-99DF-4A10BFE6CE31}.Release|Any CPU.ActiveCfg = Release|Any CPU
		{9FDD63C9-04B4-4019-99DF-4A10BFE6CE31}.Release|Any CPU.Build.0 = Release|Any CPU
	EndGlobalSection
	GlobalSection(SolutionProperties) = preSolution
		HideSolutionNode = FALSE
	EndGlobalSection
	GlobalSection(ExtensibilityGlobals) = postSolution
		SolutionGuid = {674BD5B0-E9BB-44F4-A7D9-D2D5E562C7CE}
	EndGlobalSection
EndGlobal
